
Microsoft Visual Studio Solution File, Format Version 12.00
# Visual Studio Version 17
VisualStudioVersion = 17.3.32929.385
MinimumVisualStudioVersion = 10.0.40219.1
Project("{9A19103F-16F7-4668-BE54-9A1E7A4F7556}") = "CashFlow.Operation", "CashFlow.Operation\CashFlow.Operation.csproj", "{B6E06D4D-1811-4E58-9D48-233481982C2F}"
EndProject
Project("{9A19103F-16F7-4668-BE54-9A1E7A4F7556}") = "CashFlow.Report", "CashFlow.Report\CashFlow.Report.csproj", "{D1FE5DF4-C51C-46AD-ACD2-E36020DE8B57}"
EndProject
Project("{9A19103F-16F7-4668-BE54-9A1E7A4F7556}") = "CashFlow.Common", "CashFlow.Common\CashFlow.Common.csproj", "{6CEA7C7A-43CA-462E-8D28-F452053AC8E9}"
EndProject
Project("{2150E333-8FDC-42A3-9474-1A3956D46DE8}") = "Services", "Services", "{C30FC1E7-A95E-4AB3-B28D-740A5218B769}"
EndProject
Project("{2150E333-8FDC-42A3-9474-1A3956D46DE8}") = "Domain", "Domain", "{9317C6D4-D818-4A21-802B-53C53D64CB11}"
EndProject
Project("{2150E333-8FDC-42A3-9474-1A3956D46DE8}") = "Tests", "Tests", "{03963D2F-6F33-4BED-91B8-33ACE8B4BD33}"
EndProject
Project("{9A19103F-16F7-4668-BE54-9A1E7A4F7556}") = "CashFlow.Domain", "CashFlow.Domain\CashFlow.Domain.csproj", "{CBFA0AC2-C7E3-4F21-A677-9C8113E86912}"
EndProject
Project("{9A19103F-16F7-4668-BE54-9A1E7A4F7556}") = "CashFlow.WorkService", "CashFlow.WorkService\CashFlow.WorkService.csproj", "{52E324D2-5E4B-4A0A-8924-FB580EDA5C63}"
EndProject
Project("{9A19103F-16F7-4668-BE54-9A1E7A4F7556}") = "CashFlow.Persistence", "CashFlow.Persistence\CashFlow.Persistence.csproj", "{2E4BAC3A-1CC7-446C-A14B-B0FE95CB15FD}"
EndProject
Project("{9A19103F-16F7-4668-BE54-9A1E7A4F7556}") = "CashFlow.Domain.Tests", "CashFlow.Domain.Tests\CashFlow.Domain.Tests.csproj", "{BDA7F593-68E5-4D6A-8F23-D735EC5C68FF}"
EndProject
Project("{2150E333-8FDC-42A3-9474-1A3956D46DE8}") = "Infra", "Infra", "{54685F72-C43E-4C7D-9E84-A7A32CA3958F}"
EndProject
Project("{9A19103F-16F7-4668-BE54-9A1E7A4F7556}") = "CashFlow.Common.API", "CashFlow.Common.API\CashFlow.Common.API.csproj", "{5A6654CC-1057-4229-A36B-5B99B6D52CD3}"
EndProject
Project("{FAE04EC0-301F-11D3-BF4B-00C04F79EFBC}") = "CashFlow.Messaging", "CashFlow.Messaging\CashFlow.Messaging.csproj", "{49369466-06FB-4BB4-834C-DC75A8F6248C}"
EndProject
Global
	GlobalSection(SolutionConfigurationPlatforms) = preSolution
		Debug|Any CPU = Debug|Any CPU
		Release|Any CPU = Release|Any CPU
	EndGlobalSection
	GlobalSection(ProjectConfigurationPlatforms) = postSolution
		{B6E06D4D-1811-4E58-9D48-233481982C2F}.Debug|Any CPU.ActiveCfg = Debug|Any CPU
		{B6E06D4D-1811-4E58-9D48-233481982C2F}.Debug|Any CPU.Build.0 = Debug|Any CPU
		{B6E06D4D-1811-4E58-9D48-233481982C2F}.Release|Any CPU.ActiveCfg = Release|Any CPU
		{B6E06D4D-1811-4E58-9D48-233481982C2F}.Release|Any CPU.Build.0 = Release|Any CPU
		{D1FE5DF4-C51C-46AD-ACD2-E36020DE8B57}.Debug|Any CPU.ActiveCfg = Debug|Any CPU
		{D1FE5DF4-C51C-46AD-ACD2-E36020DE8B57}.Debug|Any CPU.Build.0 = Debug|Any CPU
		{D1FE5DF4-C51C-46AD-ACD2-E36020DE8B57}.Release|Any CPU.ActiveCfg = Release|Any CPU
		{D1FE5DF4-C51C-46AD-ACD2-E36020DE8B57}.Release|Any CPU.Build.0 = Release|Any CPU
		{6CEA7C7A-43CA-462E-8D28-F452053AC8E9}.Debug|Any CPU.ActiveCfg = Debug|Any CPU
		{6CEA7C7A-43CA-462E-8D28-F452053AC8E9}.Debug|Any CPU.Build.0 = Debug|Any CPU
		{6CEA7C7A-43CA-462E-8D28-F452053AC8E9}.Release|Any CPU.ActiveCfg = Release|Any CPU
		{6CEA7C7A-43CA-462E-8D28-F452053AC8E9}.Release|Any CPU.Build.0 = Release|Any CPU
		{CBFA0AC2-C7E3-4F21-A677-9C8113E86912}.Debug|Any CPU.ActiveCfg = Debug|Any CPU
		{CBFA0AC2-C7E3-4F21-A677-9C8113E86912}.Debug|Any CPU.Build.0 = Debug|Any CPU
		{CBFA0AC2-C7E3-4F21-A677-9C8113E86912}.Release|Any CPU.ActiveCfg = Release|Any CPU
		{CBFA0AC2-C7E3-4F21-A677-9C8113E86912}.Release|Any CPU.Build.0 = Release|Any CPU
		{52E324D2-5E4B-4A0A-8924-FB580EDA5C63}.Debug|Any CPU.ActiveCfg = Debug|Any CPU
		{52E324D2-5E4B-4A0A-8924-FB580EDA5C63}.Debug|Any CPU.Build.0 = Debug|Any CPU
		{52E324D2-5E4B-4A0A-8924-FB580EDA5C63}.Release|Any CPU.ActiveCfg = Release|Any CPU
		{52E324D2-5E4B-4A0A-8924-FB580EDA5C63}.Release|Any CPU.Build.0 = Release|Any CPU
		{2E4BAC3A-1CC7-446C-A14B-B0FE95CB15FD}.Debug|Any CPU.ActiveCfg = Debug|Any CPU
		{2E4BAC3A-1CC7-446C-A14B-B0FE95CB15FD}.Debug|Any CPU.Build.0 = Debug|Any CPU
		{2E4BAC3A-1CC7-446C-A14B-B0FE95CB15FD}.Release|Any CPU.ActiveCfg = Release|Any CPU
		{2E4BAC3A-1CC7-446C-A14B-B0FE95CB15FD}.Release|Any CPU.Build.0 = Release|Any CPU
		{BDA7F593-68E5-4D6A-8F23-D735EC5C68FF}.Debug|Any CPU.ActiveCfg = Debug|Any CPU
		{BDA7F593-68E5-4D6A-8F23-D735EC5C68FF}.Debug|Any CPU.Build.0 = Debug|Any CPU
		{BDA7F593-68E5-4D6A-8F23-D735EC5C68FF}.Release|Any CPU.ActiveCfg = Release|Any CPU
		{BDA7F593-68E5-4D6A-8F23-D735EC5C68FF}.Release|Any CPU.Build.0 = Release|Any CPU
		{5A6654CC-1057-4229-A36B-5B99B6D52CD3}.Debug|Any CPU.ActiveCfg = Debug|Any CPU
		{5A6654CC-1057-4229-A36B-5B99B6D52CD3}.Debug|Any CPU.Build.0 = Debug|Any CPU
		{5A6654CC-1057-4229-A36B-5B99B6D52CD3}.Release|Any CPU.ActiveCfg = Release|Any CPU
		{5A6654CC-1057-4229-A36B-5B99B6D52CD3}.Release|Any CPU.Build.0 = Release|Any CPU
		{49369466-06FB-4BB4-834C-DC75A8F6248C}.Debug|Any CPU.ActiveCfg = Debug|Any CPU
		{49369466-06FB-4BB4-834C-DC75A8F6248C}.Debug|Any CPU.Build.0 = Debug|Any CPU
		{49369466-06FB-4BB4-834C-DC75A8F6248C}.Release|Any CPU.ActiveCfg = Release|Any CPU
		{49369466-06FB-4BB4-834C-DC75A8F6248C}.Release|Any CPU.Build.0 = Release|Any CPU
	EndGlobalSection
	GlobalSection(SolutionProperties) = preSolution
		HideSolutionNode = FALSE
	EndGlobalSection
	GlobalSection(NestedProjects) = preSolution
		{B6E06D4D-1811-4E58-9D48-233481982C2F} = {C30FC1E7-A95E-4AB3-B28D-740A5218B769}
		{D1FE5DF4-C51C-46AD-ACD2-E36020DE8B57} = {C30FC1E7-A95E-4AB3-B28D-740A5218B769}
		{6CEA7C7A-43CA-462E-8D28-F452053AC8E9} = {9317C6D4-D818-4A21-802B-53C53D64CB11}
		{CBFA0AC2-C7E3-4F21-A677-9C8113E86912} = {9317C6D4-D818-4A21-802B-53C53D64CB11}
		{52E324D2-5E4B-4A0A-8924-FB580EDA5C63} = {C30FC1E7-A95E-4AB3-B28D-740A5218B769}
		{2E4BAC3A-1CC7-446C-A14B-B0FE95CB15FD} = {54685F72-C43E-4C7D-9E84-A7A32CA3958F}
		{BDA7F593-68E5-4D6A-8F23-D735EC5C68FF} = {03963D2F-6F33-4BED-91B8-33ACE8B4BD33}
		{5A6654CC-1057-4229-A36B-5B99B6D52CD3} = {9317C6D4-D818-4A21-802B-53C53D64CB11}
		{49369466-06FB-4BB4-834C-DC75A8F6248C} = {54685F72-C43E-4C7D-9E84-A7A32CA3958F}
	EndGlobalSection
	GlobalSection(ExtensibilityGlobals) = postSolution
		SolutionGuid = {F9A21DCF-BAFF-4AA6-AD7A-50D0D1B0C280}
	EndGlobalSection
EndGlobal
